<?xml version="1.0" encoding="utf-8"?>
<Project ToolsVersion="4.0" xmlns="http://schemas.microsoft.com/developer/msbuild/2003">
  <ItemGroup>
    <Filter Include="public">
      <UniqueIdentifier>{6ed827f1-df0a-4126-81aa-742772772792}</UniqueIdentifier>
    </Filter>
    <Filter Include="private">
      <UniqueIdentifier>{8bc5a7f8-9ca0-4ff1-9f3c-4a28b9172ab3}</UniqueIdentifier>
    </Filter>
    <Filter Include="tests">
      <UniqueIdentifier>{23930c8a-cb98-4356-af49-c7960622fee5}</UniqueIdentifier>
    </Filter>
    <Filter Include="private\pattern">
      <UniqueIdentifier>{4d450ea9-6776-453b-9e98-aca9d426325e}</UniqueIdentifier>
    </Filter>
  </ItemGroup>
  <ItemGroup>
    <ClInclude Include="..\private\expression.h">
      <Filter>private</Filter>
    </ClInclude>
    <ClInclude Include="..\private\name.h">
      <Filter>private</Filter>
    </ClInclude>
    <ClInclude Include="..\private\namespace.h">
      <Filter>private</Filter>
    </ClInclude>
    <ClInclude Include="..\public\djup\tensor.h">
      <Filter>public</Filter>
    </ClInclude>
    <ClInclude Include="..\private\alphabet.h">
      <Filter>private</Filter>
    </ClInclude>
    <ClInclude Include="..\private\lexer.h">
      <Filter>private</Filter>
    </ClInclude>
    <ClInclude Include="..\private\parser.h">
      <Filter>private</Filter>
    </ClInclude>
    <ClInclude Include="..\private\indices.h">
      <Filter>private</Filter>
    </ClInclude>
    <ClInclude Include="..\private\builtin_names.h">
      <Filter>private</Filter>
    </ClInclude>
    <ClInclude Include="..\private\substitute_by_predicate.h">
      <Filter>private</Filter>
    </ClInclude>
    <ClInclude Include="..\private\diagnostic.h">
      <Filter>private</Filter>
    </ClInclude>
    <ClInclude Include="..\private\constant_shape.h">
      <Filter>private</Filter>
    </ClInclude>
    <ClInclude Include="..\private\tensor_map.h">
      <Filter>private</Filter>
    </ClInclude>
    <ClInclude Include="..\private\old_pattern_match.h">
      <Filter>private</Filter>
    </ClInclude>
    <ClInclude Include="..\private\pattern\discrimination_tree.h">
      <Filter>private\pattern</Filter>
    </ClInclude>
    <ClInclude Include="..\private\pattern\pattern_info.h">
      <Filter>private\pattern</Filter>
    </ClInclude>
    <ClInclude Include="..\private\pattern\substitution_graph.h">
      <Filter>private\pattern</Filter>
    </ClInclude>
    <ClInclude Include="..\private\pattern\utils.h">
      <Filter>private\pattern</Filter>
    </ClInclude>
    <ClInclude Include="..\private\pattern\candidate.h">
      <Filter>private\pattern</Filter>
    </ClInclude>
  </ItemGroup>
  <ItemGroup>
    <ClCompile Include="..\private\expression.cpp">
      <Filter>private</Filter>
    </ClCompile>
    <ClCompile Include="..\private\name.cpp">
      <Filter>private</Filter>
    </ClCompile>
    <ClCompile Include="..\private\namespace.cpp">
      <Filter>private</Filter>
    </ClCompile>
    <ClCompile Include="..\private\tensor.cpp">
      <Filter>private</Filter>
    </ClCompile>
    <ClCompile Include="..\private\lexer.cpp">
      <Filter>private</Filter>
    </ClCompile>
    <ClCompile Include="..\private\parser.cpp">
      <Filter>private</Filter>
    </ClCompile>
    <ClCompile Include="..\private\constant_shape.cpp">
      <Filter>private</Filter>
    </ClCompile>
    <ClCompile Include="..\private\indices.cpp">
      <Filter>private</Filter>
    </ClCompile>
    <ClCompile Include="..\tests\test_parse.cpp">
      <Filter>tests</Filter>
    </ClCompile>
    <ClCompile Include="..\tests\test_djup.cpp">
      <Filter>tests</Filter>
    </ClCompile>
    <ClCompile Include="..\tests\test_old_pattern.cpp">
      <Filter>tests</Filter>
    </ClCompile>
    <ClCompile Include="..\private\expression_to_string.cpp">
      <Filter>private</Filter>
    </ClCompile>
    <ClCompile Include="..\tests\test_lexer.cpp">
      <Filter>tests</Filter>
    </ClCompile>
    <ClCompile Include="..\tests\test_tensor_to_string.cpp">
      <Filter>tests</Filter>
    </ClCompile>
    <ClCompile Include="..\private\standard_namespace.cpp">
      <Filter>private</Filter>
    </ClCompile>
    <ClCompile Include="..\private\is.cpp">
      <Filter>private</Filter>
    </ClCompile>
    <ClCompile Include="..\private\old_pattern_match.cpp">
      <Filter>private</Filter>
    </ClCompile>
    <ClCompile Include="..\private\pattern\discrimination_tree.cpp">
      <Filter>private\pattern</Filter>
    </ClCompile>
    <ClCompile Include="..\private\pattern\pattern_info.cpp">
      <Filter>private\pattern</Filter>
    </ClCompile>
    <ClCompile Include="..\private\pattern\substitution_graph.cpp">
      <Filter>private\pattern</Filter>
    </ClCompile>
    <ClCompile Include="..\tests\test_pattern.cpp">
      <Filter>tests</Filter>
    </ClCompile>
    <ClCompile Include="..\private\pattern\substitution_graph_to_dot_language.cpp">
      <Filter>private\pattern</Filter>
    </ClCompile>
    <ClCompile Include="..\private\pattern\substitution_match.cpp">
      <Filter>private\pattern</Filter>
    </ClCompile>
    <ClCompile Include="..\private\pattern\utils.cpp">
      <Filter>private\pattern</Filter>
    </ClCompile>
    <ClCompile Include="..\private\pattern\candidate.cpp">
      <Filter>private\pattern</Filter>
    </ClCompile>
  </ItemGroup>
  <ItemGroup>
    <Natvis Include="NatvisFile.natvis">
      <Filter>private</Filter>
    </Natvis>
  </ItemGroup>
</Project>