
Microsoft Visual Studio Solution File, Format Version 12.00
# Visual Studio Version 16
VisualStudioVersion = 16.0.31410.357
MinimumVisualStudioVersion = 10.0.40219.1
Project("{8BC9CEB8-8B4A-11D0-8D11-00A0C91BC942}") = "core", "..\sources\core\vs2019\core.vcxproj", "{A00DDAA3-66E9-408C-AD6E-A877B67C2B59}"
EndProject
Project("{8BC9CEB8-8B4A-11D0-8D11-00A0C91BC942}") = "test", "..\sources\test\vs2019\test.vcxproj", "{AD73FEE2-D025-4CB7-B08E-400039C9124D}"
EndProject
Project("{8BC9CEB8-8B4A-11D0-8D11-00A0C91BC942}") = "djup", "..\sources\djup\vs2019\djup.vcxproj", "{DF5B6BA9-4AC4-46AB-822E-59EB2EA458D6}"
EndProject
Global
	GlobalSection(SolutionConfigurationPlatforms) = preSolution
		Debug|x64 = Debug|x64
		Debug|x86 = Debug|x86
		Release|x64 = Release|x64
		Release|x86 = Release|x86
	EndGlobalSection
	GlobalSection(ProjectConfigurationPlatforms) = postSolution
		{A00DDAA3-66E9-408C-AD6E-A877B67C2B59}.Debug|x64.ActiveCfg = Debug|x64
		{A00DDAA3-66E9-408C-AD6E-A877B67C2B59}.Debug|x64.Build.0 = Debug|x64
		{A00DDAA3-66E9-408C-AD6E-A877B67C2B59}.Debug|x86.ActiveCfg = Debug|Win32
		{A00DDAA3-66E9-408C-AD6E-A877B67C2B59}.Debug|x86.Build.0 = Debug|Win32
		{A00DDAA3-66E9-408C-AD6E-A877B67C2B59}.Release|x64.ActiveCfg = Release|x64
		{A00DDAA3-66E9-408C-AD6E-A877B67C2B59}.Release|x64.Build.0 = Release|x64
		{A00DDAA3-66E9-408C-AD6E-A877B67C2B59}.Release|x86.ActiveCfg = Release|Win32
		{A00DDAA3-66E9-408C-AD6E-A877B67C2B59}.Release|x86.Build.0 = Release|Win32
		{AD73FEE2-D025-4CB7-B08E-400039C9124D}.Debug|x64.ActiveCfg = Debug|x64
		{AD73FEE2-D025-4CB7-B08E-400039C9124D}.Debug|x64.Build.0 = Debug|x64
		{AD73FEE2-D025-4CB7-B08E-400039C9124D}.Debug|x86.ActiveCfg = Debug|Win32
		{AD73FEE2-D025-4CB7-B08E-400039C9124D}.Debug|x86.Build.0 = Debug|Win32
		{AD73FEE2-D025-4CB7-B08E-400039C9124D}.Release|x64.ActiveCfg = Release|x64
		{AD73FEE2-D025-4CB7-B08E-400039C9124D}.Release|x64.Build.0 = Release|x64
		{AD73FEE2-D025-4CB7-B08E-400039C9124D}.Release|x86.ActiveCfg = Release|Win32
		{AD73FEE2-D025-4CB7-B08E-400039C9124D}.Release|x86.Build.0 = Release|Win32
		{DF5B6BA9-4AC4-46AB-822E-59EB2EA458D6}.Debug|x64.ActiveCfg = Debug|x64
		{DF5B6BA9-4AC4-46AB-822E-59EB2EA458D6}.Debug|x64.Build.0 = Debug|x64
		{DF5B6BA9-4AC4-46AB-822E-59EB2EA458D6}.Debug|x86.ActiveCfg = Debug|Win32
		{DF5B6BA9-4AC4-46AB-822E-59EB2EA458D6}.Debug|x86.Build.0 = Debug|Win32
		{DF5B6BA9-4AC4-46AB-822E-59EB2EA458D6}.Release|x64.ActiveCfg = Release|x64
		{DF5B6BA9-4AC4-46AB-822E-59EB2EA458D6}.Release|x64.Build.0 = Release|x64
		{DF5B6BA9-4AC4-46AB-822E-59EB2EA458D6}.Release|x86.ActiveCfg = Release|Win32
		{DF5B6BA9-4AC4-46AB-822E-59EB2EA458D6}.Release|x86.Build.0 = Release|Win32
	EndGlobalSection
	GlobalSection(SolutionProperties) = preSolution
		HideSolutionNode = FALSE
	EndGlobalSection
	GlobalSection(ExtensibilityGlobals) = postSolution
		SolutionGuid = {0DB8BD4B-5F42-4EDE-A2EA-76AB7B568BC8}
	EndGlobalSection
EndGlobal
